
Microsoft Visual Studio Solution File, Format Version 12.00
# Visual Studio 14
VisualStudioVersion = 14.0.24720.0
MinimumVisualStudioVersion = 10.0.40219.1
Project("{FAE04EC0-301F-11D3-BF4B-00C04F79EFBC}") = "AT.Main", "AT.Console\AT.Main.csproj", "{C76BB3D9-A7C5-44BB-918E-440762123EE5}"
EndProject
Project("{FAE04EC0-301F-11D3-BF4B-00C04F79EFBC}") = "AT.Common", "AT.Common\AT.Common.csproj", "{AEF812C4-3C18-411F-8BC8-31D467478CC5}"
EndProject
Project("{FAE04EC0-301F-11D3-BF4B-00C04F79EFBC}") = "Antuo.Model", "AT.Model\Antuo.Model.csproj", "{531DF9D4-58E3-46CF-9073-02E2EB456D37}"
EndProject
Project("{FAE04EC0-301F-11D3-BF4B-00C04F79EFBC}") = "AT.Controller", "AT.Controller\AT.Controller.csproj", "{8B33DB5C-270B-4715-B343-06783B240346}"
EndProject
Project("{FAE04EC0-301F-11D3-BF4B-00C04F79EFBC}") = "Service.Data.Redis", "..\Service.Data.Redis\Service.Data.Redis.csproj", "{8682DD78-0430-4802-A848-A760BA759159}"
EndProject
Project("{FAE04EC0-301F-11D3-BF4B-00C04F79EFBC}") = "Service.Data.MongoDB", "..\Service.Data.MongoDB\Service.Data.MongoDB.csproj", "{BE95C229-8744-4E2E-BC93-70A08290BBA2}"
EndProject
Project("{FAE04EC0-301F-11D3-BF4B-00C04F79EFBC}") = "Antuo.CrawlerInterface", "Antuo.CrawlerInterface\Antuo.CrawlerInterface.csproj", "{B2165DDA-675E-454D-A335-370DC68EEE06}"
EndProject
Project("{FAE04EC0-301F-11D3-BF4B-00C04F79EFBC}") = "Antuo.Data.Core", "Antuo.Data.Core\Antuo.Data.Core.csproj", "{08B84E2B-043C-43BF-84D5-0AAA7CD805F0}"
EndProject
Project("{FAE04EC0-301F-11D3-BF4B-00C04F79EFBC}") = "Service.CommondProcessor", "..\Service.CommondProcessor\Service.CommondProcessor.csproj", "{7667C92B-1A8D-4EEF-96E4-092AD7575083}"
EndProject
Project("{FAE04EC0-301F-11D3-BF4B-00C04F79EFBC}") = "Service.Core", "..\Service.Core\Service.Core.csproj", "{76D7E52D-35D7-44C8-832C-5BB56F7B8C57}"
EndProject
Project("{FAE04EC0-301F-11D3-BF4B-00C04F79EFBC}") = "Service.Web.Core", "..\Service.Web.Core\Service.Web.Core.csproj", "{5093B8AF-9B74-4CA6-A5B6-90FBB96DD726}"
EndProject
Global
	GlobalSection(SolutionConfigurationPlatforms) = preSolution
		Debug|Any CPU = Debug|Any CPU
		Release|Any CPU = Release|Any CPU
	EndGlobalSection
	GlobalSection(ProjectConfigurationPlatforms) = postSolution
		{C76BB3D9-A7C5-44BB-918E-440762123EE5}.Debug|Any CPU.ActiveCfg = Debug|Any CPU
		{C76BB3D9-A7C5-44BB-918E-440762123EE5}.Debug|Any CPU.Build.0 = Debug|Any CPU
		{C76BB3D9-A7C5-44BB-918E-440762123EE5}.Release|Any CPU.ActiveCfg = Release|Any CPU
		{C76BB3D9-A7C5-44BB-918E-440762123EE5}.Release|Any CPU.Build.0 = Release|Any CPU
		{AEF812C4-3C18-411F-8BC8-31D467478CC5}.Debug|Any CPU.ActiveCfg = Debug|Any CPU
		{AEF812C4-3C18-411F-8BC8-31D467478CC5}.Debug|Any CPU.Build.0 = Debug|Any CPU
		{AEF812C4-3C18-411F-8BC8-31D467478CC5}.Release|Any CPU.ActiveCfg = Release|Any CPU
		{AEF812C4-3C18-411F-8BC8-31D467478CC5}.Release|Any CPU.Build.0 = Release|Any CPU
		{531DF9D4-58E3-46CF-9073-02E2EB456D37}.Debug|Any CPU.ActiveCfg = Debug|Any CPU
		{531DF9D4-58E3-46CF-9073-02E2EB456D37}.Debug|Any CPU.Build.0 = Debug|Any CPU
		{531DF9D4-58E3-46CF-9073-02E2EB456D37}.Release|Any CPU.ActiveCfg = Release|Any CPU
		{531DF9D4-58E3-46CF-9073-02E2EB456D37}.Release|Any CPU.Build.0 = Release|Any CPU
		{8B33DB5C-270B-4715-B343-06783B240346}.Debug|Any CPU.ActiveCfg = Debug|Any CPU
		{8B33DB5C-270B-4715-B343-06783B240346}.Debug|Any CPU.Build.0 = Debug|Any CPU
		{8B33DB5C-270B-4715-B343-06783B240346}.Release|Any CPU.ActiveCfg = Release|Any CPU
		{8B33DB5C-270B-4715-B343-06783B240346}.Release|Any CPU.Build.0 = Release|Any CPU
		{8682DD78-0430-4802-A848-A760BA759159}.Debug|Any CPU.ActiveCfg = Debug|Any CPU
		{8682DD78-0430-4802-A848-A760BA759159}.Debug|Any CPU.Build.0 = Debug|Any CPU
		{8682DD78-0430-4802-A848-A760BA759159}.Release|Any CPU.ActiveCfg = Release|Any CPU
		{8682DD78-0430-4802-A848-A760BA759159}.Release|Any CPU.Build.0 = Release|Any CPU
		{BE95C229-8744-4E2E-BC93-70A08290BBA2}.Debug|Any CPU.ActiveCfg = Debug|Any CPU
		{BE95C229-8744-4E2E-BC93-70A08290BBA2}.Debug|Any CPU.Build.0 = Debug|Any CPU
		{BE95C229-8744-4E2E-BC93-70A08290BBA2}.Release|Any CPU.ActiveCfg = Release|Any CPU
		{BE95C229-8744-4E2E-BC93-70A08290BBA2}.Release|Any CPU.Build.0 = Release|Any CPU
		{B2165DDA-675E-454D-A335-370DC68EEE06}.Debug|Any CPU.ActiveCfg = Debug|Any CPU
		{B2165DDA-675E-454D-A335-370DC68EEE06}.Debug|Any CPU.Build.0 = Debug|Any CPU
		{B2165DDA-675E-454D-A335-370DC68EEE06}.Release|Any CPU.ActiveCfg = Release|Any CPU
		{B2165DDA-675E-454D-A335-370DC68EEE06}.Release|Any CPU.Build.0 = Release|Any CPU
		{08B84E2B-043C-43BF-84D5-0AAA7CD805F0}.Debug|Any CPU.ActiveCfg = Debug|Any CPU
		{08B84E2B-043C-43BF-84D5-0AAA7CD805F0}.Debug|Any CPU.Build.0 = Debug|Any CPU
		{08B84E2B-043C-43BF-84D5-0AAA7CD805F0}.Release|Any CPU.ActiveCfg = Release|Any CPU
		{08B84E2B-043C-43BF-84D5-0AAA7CD805F0}.Release|Any CPU.Build.0 = Release|Any CPU
		{7667C92B-1A8D-4EEF-96E4-092AD7575083}.Debug|Any CPU.ActiveCfg = Debug|Any CPU
		{7667C92B-1A8D-4EEF-96E4-092AD7575083}.Debug|Any CPU.Build.0 = Debug|Any CPU
		{7667C92B-1A8D-4EEF-96E4-092AD7575083}.Release|Any CPU.ActiveCfg = Release|Any CPU
		{7667C92B-1A8D-4EEF-96E4-092AD7575083}.Release|Any CPU.Build.0 = Release|Any CPU
		{76D7E52D-35D7-44C8-832C-5BB56F7B8C57}.Debug|Any CPU.ActiveCfg = Debug|Any CPU
		{76D7E52D-35D7-44C8-832C-5BB56F7B8C57}.Debug|Any CPU.Build.0 = Debug|Any CPU
		{76D7E52D-35D7-44C8-832C-5BB56F7B8C57}.Release|Any CPU.ActiveCfg = Release|Any CPU
		{76D7E52D-35D7-44C8-832C-5BB56F7B8C57}.Release|Any CPU.Build.0 = Release|Any CPU
		{5093B8AF-9B74-4CA6-A5B6-90FBB96DD726}.Debug|Any CPU.ActiveCfg = Debug|Any CPU
		{5093B8AF-9B74-4CA6-A5B6-90FBB96DD726}.Debug|Any CPU.Build.0 = Debug|Any CPU
		{5093B8AF-9B74-4CA6-A5B6-90FBB96DD726}.Release|Any CPU.ActiveCfg = Release|Any CPU
		{5093B8AF-9B74-4CA6-A5B6-90FBB96DD726}.Release|Any CPU.Build.0 = Release|Any CPU
	EndGlobalSection
	GlobalSection(SolutionProperties) = preSolution
		HideSolutionNode = FALSE
	EndGlobalSection
EndGlobal
